
Microsoft Visual Studio Solution File, Format Version 12.00
# Visual Studio 2012
Project("{FAE04EC0-301F-11D3-BF4B-00C04F79EFBC}") = "Length", "Bootcamp_session1\Length.csproj", "{126B1698-FF96-4E23-88FE-0E0912B3DE82}"
EndProject
Project("{FAE04EC0-301F-11D3-BF4B-00C04F79EFBC}") = "LengthTest", "UnitTest\LengthTest.csproj", "{7B281943-F864-4454-92A9-0E5A3235C1FE}"
EndProject
Project("{FAE04EC0-301F-11D3-BF4B-00C04F79EFBC}") = "SuperMarket", "SuperMarket\SuperMarket.csproj", "{8180F1AF-A928-46CB-82F4-DC4B4FF59466}"
EndProject
Project("{FAE04EC0-301F-11D3-BF4B-00C04F79EFBC}") = "SuperMarketTest", "SuperMarketTest\SuperMarketTest.csproj", "{77B604A6-51F7-413B-8FB5-D0BF7E489A87}"
EndProject
Global
	GlobalSection(SolutionConfigurationPlatforms) = preSolution
		Debug|Any CPU = Debug|Any CPU
		Release|Any CPU = Release|Any CPU
	EndGlobalSection
	GlobalSection(ProjectConfigurationPlatforms) = postSolution
		{126B1698-FF96-4E23-88FE-0E0912B3DE82}.Debug|Any CPU.ActiveCfg = Debug|Any CPU
		{126B1698-FF96-4E23-88FE-0E0912B3DE82}.Debug|Any CPU.Build.0 = Debug|Any CPU
		{126B1698-FF96-4E23-88FE-0E0912B3DE82}.Release|Any CPU.ActiveCfg = Release|Any CPU
		{126B1698-FF96-4E23-88FE-0E0912B3DE82}.Release|Any CPU.Build.0 = Release|Any CPU
		{7B281943-F864-4454-92A9-0E5A3235C1FE}.Debug|Any CPU.ActiveCfg = Debug|Any CPU
		{7B281943-F864-4454-92A9-0E5A3235C1FE}.Debug|Any CPU.Build.0 = Debug|Any CPU
		{7B281943-F864-4454-92A9-0E5A3235C1FE}.Release|Any CPU.ActiveCfg = Release|Any CPU
		{7B281943-F864-4454-92A9-0E5A3235C1FE}.Release|Any CPU.Build.0 = Release|Any CPU
		{8180F1AF-A928-46CB-82F4-DC4B4FF59466}.Debug|Any CPU.ActiveCfg = Debug|Any CPU
		{8180F1AF-A928-46CB-82F4-DC4B4FF59466}.Debug|Any CPU.Build.0 = Debug|Any CPU
		{8180F1AF-A928-46CB-82F4-DC4B4FF59466}.Release|Any CPU.ActiveCfg = Release|Any CPU
		{8180F1AF-A928-46CB-82F4-DC4B4FF59466}.Release|Any CPU.Build.0 = Release|Any CPU
		{77B604A6-51F7-413B-8FB5-D0BF7E489A87}.Debug|Any CPU.ActiveCfg = Debug|Any CPU
		{77B604A6-51F7-413B-8FB5-D0BF7E489A87}.Debug|Any CPU.Build.0 = Debug|Any CPU
		{77B604A6-51F7-413B-8FB5-D0BF7E489A87}.Release|Any CPU.ActiveCfg = Release|Any CPU
		{77B604A6-51F7-413B-8FB5-D0BF7E489A87}.Release|Any CPU.Build.0 = Release|Any CPU
	EndGlobalSection
	GlobalSection(SolutionProperties) = preSolution
		HideSolutionNode = FALSE
	EndGlobalSection
EndGlobal
